
Microsoft Visual Studio Solution File, Format Version 12.00
# Visual Studio Version 17
VisualStudioVersion = 17.7.34018.315
MinimumVisualStudioVersion = 10.0.40219.1
Project("{2150E333-8FDC-42A3-9474-1A3956D46DE8}") = "ProductService", "ProductService", "{D5AC67CD-44E1-4B1B-BA8A-B32DB9DD5E2C}"
EndProject
Project("{FAE04EC0-301F-11D3-BF4B-00C04F79EFBC}") = "Nograd.ProductService.Events", "Nograd.ProductService.Events\Nograd.ProductService.Events.csproj", "{A70D153C-E3E1-4676-AD03-B3F0F5E52831}"
EndProject
Global
	GlobalSection(SolutionConfigurationPlatforms) = preSolution
		Debug|Any CPU = Debug|Any CPU
		Release|Any CPU = Release|Any CPU
	EndGlobalSection
	GlobalSection(ProjectConfigurationPlatforms) = postSolution
		{A70D153C-E3E1-4676-AD03-B3F0F5E52831}.Debug|Any CPU.ActiveCfg = Debug|Any CPU
		{A70D153C-E3E1-4676-AD03-B3F0F5E52831}.Debug|Any CPU.Build.0 = Debug|Any CPU
		{A70D153C-E3E1-4676-AD03-B3F0F5E52831}.Release|Any CPU.ActiveCfg = Release|Any CPU
		{A70D153C-E3E1-4676-AD03-B3F0F5E52831}.Release|Any CPU.Build.0 = Release|Any CPU
	EndGlobalSection
	GlobalSection(SolutionProperties) = preSolution
		HideSolutionNode = FALSE
	EndGlobalSection
	GlobalSection(NestedProjects) = preSolution
		{A70D153C-E3E1-4676-AD03-B3F0F5E52831} = {D5AC67CD-44E1-4B1B-BA8A-B32DB9DD5E2C}
	EndGlobalSection
	GlobalSection(ExtensibilityGlobals) = postSolution
		SolutionGuid = {B414F3A4-26BD-404B-8F95-680146698F54}
	EndGlobalSection
EndGlobal
