
Microsoft Visual Studio Solution File, Format Version 12.00
# Visual Studio Version 17
VisualStudioVersion = 17.7.34018.315
MinimumVisualStudioVersion = 10.0.40219.1
Project("{2150E333-8FDC-42A3-9474-1A3956D46DE8}") = "ProductService", "ProductService", "{D5AC67CD-44E1-4B1B-BA8A-B32DB9DD5E2C}"
EndProject
Project("{9A19103F-16F7-4668-BE54-9A1E7A4F7556}") = "Nograd.ProductService.Commands", "Nograd.ProductService.Commands\Nograd.ProductService.Commands.csproj", "{42A9520C-7EC7-477F-BDA3-D3297B15022A}"
EndProject
Project("{9A19103F-16F7-4668-BE54-9A1E7A4F7556}") = "Nograd.ProductServices.KafkaMessages", "Nograd.ProductServices.KafkaMessages\Nograd.ProductServices.KafkaMessages.csproj", "{1FB17815-3056-4B17-AF2B-7D08FFB87659}"
EndProject
Project("{9A19103F-16F7-4668-BE54-9A1E7A4F7556}") = "Nograd.ProductService.Queries.MessageConsumer", "Nograd.ProductService.Queries.MessageReader\Nograd.ProductService.Queries.MessageConsumer.csproj", "{FC568502-D92E-4FE2-BD5E-F76370D61E6C}"
EndProject
Project("{9A19103F-16F7-4668-BE54-9A1E7A4F7556}") = "Nograd.ProductService.Queries.WepApi", "Nograd.ProductService.Queries.WepApi\Nograd.ProductService.Queries.WepApi.csproj", "{43F98158-B901-4A23-9AB7-9036A001DE8E}"
EndProject
Project("{9A19103F-16F7-4668-BE54-9A1E7A4F7556}") = "Nograd.ProductService.Queries.Persistence", "Nograd.ProductService.Queries.Database\Nograd.ProductService.Queries.Persistence.csproj", "{ED7BB340-5DF5-47FA-8206-D1E9889849BA}"
EndProject
Project("{2150E333-8FDC-42A3-9474-1A3956D46DE8}") = "OrderService", "OrderService", "{162CD1B1-C8BB-4C41-B272-DFDB4D06D0F0}"
EndProject
Project("{9A19103F-16F7-4668-BE54-9A1E7A4F7556}") = "Nograd.OrderService.Commands", "Nograd.OrderService.Commands\Nograd.OrderService.Commands.csproj", "{D4B1B510-6BE8-4FF3-AE84-04A57432C2A3}"
EndProject
Project("{9A19103F-16F7-4668-BE54-9A1E7A4F7556}") = "Nograd.OrderService.KafkaMessages", "Nograd.OrderService.KafkaMessages\Nograd.OrderService.KafkaMessages.csproj", "{C9A9FB05-36F9-438B-8483-11638D40E053}"
EndProject
Project("{9A19103F-16F7-4668-BE54-9A1E7A4F7556}") = "Nograd.OrderService.Queries.Persistence", "Nograd.OrderService.Queries.Persistence\Nograd.OrderService.Queries.Persistence.csproj", "{74DA2D9D-CC91-4806-8C38-34E29462A165}"
EndProject
Project("{9A19103F-16F7-4668-BE54-9A1E7A4F7556}") = "Nograd.OrderService.ConsoleApp", "Nograd.OrderService.ConsoleApp\Nograd.OrderService.ConsoleApp.csproj", "{34457A53-3B14-4315-930D-2CC070605344}"
EndProject
Project("{9A19103F-16F7-4668-BE54-9A1E7A4F7556}") = "Nograd.OrderService.Queries.MessageConsumer", "Nograd.OrderService.Queries.MessageConsumer\Nograd.OrderService.Queries.MessageConsumer.csproj", "{93F1CB85-621E-43B6-90C3-8E0C853FEBA5}"
EndProject
Project("{9A19103F-16F7-4668-BE54-9A1E7A4F7556}") = "Nograd.OrderService.Queries.WepApi", "Nograd.OrderService.Queries.WepApi\Nograd.OrderService.Queries.WepApi.csproj", "{720267A3-9CE6-41B3-B757-20E54FF59A18}"
EndProject
Project("{9A19103F-16F7-4668-BE54-9A1E7A4F7556}") = "Nograd.ProductService.Queries.Client", "Nograd.ProductService.Client\Nograd.ProductService.Queries.Client.csproj", "{FA8C317E-C5EF-4C41-86D9-403F198FF24E}"
EndProject
Project("{9A19103F-16F7-4668-BE54-9A1E7A4F7556}") = "Nograd.ProductService.ConsoleApp", "Nograd.ProductService.ConsoleApp\Nograd.ProductService.ConsoleApp.csproj", "{0BEF53F5-016C-4087-BCD8-953FF1994910}"
EndProject
Project("{2150E333-8FDC-42A3-9474-1A3956D46DE8}") = "Libraries", "Libraries", "{0ABE05CF-7C11-4B27-A32F-E07A1F7B990A}"
EndProject
Project("{9A19103F-16F7-4668-BE54-9A1E7A4F7556}") = "Nograd.Libraries.AspNetCoreExtensions", "Nograd.Libraries.AspNetCoreExtensions\Nograd.Libraries.AspNetCoreExtensions.csproj", "{3CDE04BF-BB04-4A87-8B95-01E09DF24FD7}"
EndProject
Project("{2150E333-8FDC-42A3-9474-1A3956D46DE8}") = "Clients", "Clients", "{2F2B0AC3-DE30-4172-9221-FFB9C3198DE2}"
EndProject
Project("{FAE04EC0-301F-11D3-BF4B-00C04F79EFBC}") = "Nograd.Clients.CustomerApp", "Nograd.Clients.CustomerApp\Nograd.Clients.CustomerApp.csproj", "{D00664FA-A20C-45DC-BA3D-DBC262E81988}"
EndProject
Global
	GlobalSection(SolutionConfigurationPlatforms) = preSolution
		Debug|Any CPU = Debug|Any CPU
		Release|Any CPU = Release|Any CPU
	EndGlobalSection
	GlobalSection(ProjectConfigurationPlatforms) = postSolution
		{42A9520C-7EC7-477F-BDA3-D3297B15022A}.Debug|Any CPU.ActiveCfg = Debug|Any CPU
		{42A9520C-7EC7-477F-BDA3-D3297B15022A}.Debug|Any CPU.Build.0 = Debug|Any CPU
		{42A9520C-7EC7-477F-BDA3-D3297B15022A}.Release|Any CPU.ActiveCfg = Release|Any CPU
		{42A9520C-7EC7-477F-BDA3-D3297B15022A}.Release|Any CPU.Build.0 = Release|Any CPU
		{1FB17815-3056-4B17-AF2B-7D08FFB87659}.Debug|Any CPU.ActiveCfg = Debug|Any CPU
		{1FB17815-3056-4B17-AF2B-7D08FFB87659}.Debug|Any CPU.Build.0 = Debug|Any CPU
		{1FB17815-3056-4B17-AF2B-7D08FFB87659}.Release|Any CPU.ActiveCfg = Release|Any CPU
		{1FB17815-3056-4B17-AF2B-7D08FFB87659}.Release|Any CPU.Build.0 = Release|Any CPU
		{FC568502-D92E-4FE2-BD5E-F76370D61E6C}.Debug|Any CPU.ActiveCfg = Debug|Any CPU
		{FC568502-D92E-4FE2-BD5E-F76370D61E6C}.Debug|Any CPU.Build.0 = Debug|Any CPU
		{FC568502-D92E-4FE2-BD5E-F76370D61E6C}.Release|Any CPU.ActiveCfg = Release|Any CPU
		{FC568502-D92E-4FE2-BD5E-F76370D61E6C}.Release|Any CPU.Build.0 = Release|Any CPU
		{43F98158-B901-4A23-9AB7-9036A001DE8E}.Debug|Any CPU.ActiveCfg = Debug|Any CPU
		{43F98158-B901-4A23-9AB7-9036A001DE8E}.Debug|Any CPU.Build.0 = Debug|Any CPU
		{43F98158-B901-4A23-9AB7-9036A001DE8E}.Release|Any CPU.ActiveCfg = Release|Any CPU
		{43F98158-B901-4A23-9AB7-9036A001DE8E}.Release|Any CPU.Build.0 = Release|Any CPU
		{ED7BB340-5DF5-47FA-8206-D1E9889849BA}.Debug|Any CPU.ActiveCfg = Debug|Any CPU
		{ED7BB340-5DF5-47FA-8206-D1E9889849BA}.Debug|Any CPU.Build.0 = Debug|Any CPU
		{ED7BB340-5DF5-47FA-8206-D1E9889849BA}.Release|Any CPU.ActiveCfg = Release|Any CPU
		{ED7BB340-5DF5-47FA-8206-D1E9889849BA}.Release|Any CPU.Build.0 = Release|Any CPU
		{D4B1B510-6BE8-4FF3-AE84-04A57432C2A3}.Debug|Any CPU.ActiveCfg = Debug|Any CPU
		{D4B1B510-6BE8-4FF3-AE84-04A57432C2A3}.Debug|Any CPU.Build.0 = Debug|Any CPU
		{D4B1B510-6BE8-4FF3-AE84-04A57432C2A3}.Release|Any CPU.ActiveCfg = Release|Any CPU
		{D4B1B510-6BE8-4FF3-AE84-04A57432C2A3}.Release|Any CPU.Build.0 = Release|Any CPU
		{C9A9FB05-36F9-438B-8483-11638D40E053}.Debug|Any CPU.ActiveCfg = Debug|Any CPU
		{C9A9FB05-36F9-438B-8483-11638D40E053}.Debug|Any CPU.Build.0 = Debug|Any CPU
		{C9A9FB05-36F9-438B-8483-11638D40E053}.Release|Any CPU.ActiveCfg = Release|Any CPU
		{C9A9FB05-36F9-438B-8483-11638D40E053}.Release|Any CPU.Build.0 = Release|Any CPU
		{74DA2D9D-CC91-4806-8C38-34E29462A165}.Debug|Any CPU.ActiveCfg = Debug|Any CPU
		{74DA2D9D-CC91-4806-8C38-34E29462A165}.Debug|Any CPU.Build.0 = Debug|Any CPU
		{74DA2D9D-CC91-4806-8C38-34E29462A165}.Release|Any CPU.ActiveCfg = Release|Any CPU
		{74DA2D9D-CC91-4806-8C38-34E29462A165}.Release|Any CPU.Build.0 = Release|Any CPU
		{34457A53-3B14-4315-930D-2CC070605344}.Debug|Any CPU.ActiveCfg = Debug|Any CPU
		{34457A53-3B14-4315-930D-2CC070605344}.Debug|Any CPU.Build.0 = Debug|Any CPU
		{34457A53-3B14-4315-930D-2CC070605344}.Release|Any CPU.ActiveCfg = Release|Any CPU
		{34457A53-3B14-4315-930D-2CC070605344}.Release|Any CPU.Build.0 = Release|Any CPU
		{93F1CB85-621E-43B6-90C3-8E0C853FEBA5}.Debug|Any CPU.ActiveCfg = Debug|Any CPU
		{93F1CB85-621E-43B6-90C3-8E0C853FEBA5}.Debug|Any CPU.Build.0 = Debug|Any CPU
		{93F1CB85-621E-43B6-90C3-8E0C853FEBA5}.Release|Any CPU.ActiveCfg = Release|Any CPU
		{93F1CB85-621E-43B6-90C3-8E0C853FEBA5}.Release|Any CPU.Build.0 = Release|Any CPU
		{720267A3-9CE6-41B3-B757-20E54FF59A18}.Debug|Any CPU.ActiveCfg = Debug|Any CPU
		{720267A3-9CE6-41B3-B757-20E54FF59A18}.Debug|Any CPU.Build.0 = Debug|Any CPU
		{720267A3-9CE6-41B3-B757-20E54FF59A18}.Release|Any CPU.ActiveCfg = Release|Any CPU
		{720267A3-9CE6-41B3-B757-20E54FF59A18}.Release|Any CPU.Build.0 = Release|Any CPU
		{FA8C317E-C5EF-4C41-86D9-403F198FF24E}.Debug|Any CPU.ActiveCfg = Debug|Any CPU
		{FA8C317E-C5EF-4C41-86D9-403F198FF24E}.Debug|Any CPU.Build.0 = Debug|Any CPU
		{FA8C317E-C5EF-4C41-86D9-403F198FF24E}.Release|Any CPU.ActiveCfg = Release|Any CPU
		{FA8C317E-C5EF-4C41-86D9-403F198FF24E}.Release|Any CPU.Build.0 = Release|Any CPU
		{0BEF53F5-016C-4087-BCD8-953FF1994910}.Debug|Any CPU.ActiveCfg = Debug|Any CPU
		{0BEF53F5-016C-4087-BCD8-953FF1994910}.Debug|Any CPU.Build.0 = Debug|Any CPU
		{0BEF53F5-016C-4087-BCD8-953FF1994910}.Release|Any CPU.ActiveCfg = Release|Any CPU
		{0BEF53F5-016C-4087-BCD8-953FF1994910}.Release|Any CPU.Build.0 = Release|Any CPU
		{3CDE04BF-BB04-4A87-8B95-01E09DF24FD7}.Debug|Any CPU.ActiveCfg = Debug|Any CPU
		{3CDE04BF-BB04-4A87-8B95-01E09DF24FD7}.Debug|Any CPU.Build.0 = Debug|Any CPU
		{3CDE04BF-BB04-4A87-8B95-01E09DF24FD7}.Release|Any CPU.ActiveCfg = Release|Any CPU
		{3CDE04BF-BB04-4A87-8B95-01E09DF24FD7}.Release|Any CPU.Build.0 = Release|Any CPU
		{D00664FA-A20C-45DC-BA3D-DBC262E81988}.Debug|Any CPU.ActiveCfg = Debug|Any CPU
		{D00664FA-A20C-45DC-BA3D-DBC262E81988}.Debug|Any CPU.Build.0 = Debug|Any CPU
		{D00664FA-A20C-45DC-BA3D-DBC262E81988}.Release|Any CPU.ActiveCfg = Release|Any CPU
		{D00664FA-A20C-45DC-BA3D-DBC262E81988}.Release|Any CPU.Build.0 = Release|Any CPU
	EndGlobalSection
	GlobalSection(SolutionProperties) = preSolution
		HideSolutionNode = FALSE
	EndGlobalSection
	GlobalSection(NestedProjects) = preSolution
		{42A9520C-7EC7-477F-BDA3-D3297B15022A} = {D5AC67CD-44E1-4B1B-BA8A-B32DB9DD5E2C}
		{1FB17815-3056-4B17-AF2B-7D08FFB87659} = {D5AC67CD-44E1-4B1B-BA8A-B32DB9DD5E2C}
		{FC568502-D92E-4FE2-BD5E-F76370D61E6C} = {D5AC67CD-44E1-4B1B-BA8A-B32DB9DD5E2C}
		{43F98158-B901-4A23-9AB7-9036A001DE8E} = {D5AC67CD-44E1-4B1B-BA8A-B32DB9DD5E2C}
		{ED7BB340-5DF5-47FA-8206-D1E9889849BA} = {D5AC67CD-44E1-4B1B-BA8A-B32DB9DD5E2C}
		{D4B1B510-6BE8-4FF3-AE84-04A57432C2A3} = {162CD1B1-C8BB-4C41-B272-DFDB4D06D0F0}
		{C9A9FB05-36F9-438B-8483-11638D40E053} = {162CD1B1-C8BB-4C41-B272-DFDB4D06D0F0}
		{74DA2D9D-CC91-4806-8C38-34E29462A165} = {162CD1B1-C8BB-4C41-B272-DFDB4D06D0F0}
		{34457A53-3B14-4315-930D-2CC070605344} = {162CD1B1-C8BB-4C41-B272-DFDB4D06D0F0}
		{93F1CB85-621E-43B6-90C3-8E0C853FEBA5} = {162CD1B1-C8BB-4C41-B272-DFDB4D06D0F0}
		{720267A3-9CE6-41B3-B757-20E54FF59A18} = {162CD1B1-C8BB-4C41-B272-DFDB4D06D0F0}
		{FA8C317E-C5EF-4C41-86D9-403F198FF24E} = {D5AC67CD-44E1-4B1B-BA8A-B32DB9DD5E2C}
		{0BEF53F5-016C-4087-BCD8-953FF1994910} = {D5AC67CD-44E1-4B1B-BA8A-B32DB9DD5E2C}
		{3CDE04BF-BB04-4A87-8B95-01E09DF24FD7} = {0ABE05CF-7C11-4B27-A32F-E07A1F7B990A}
		{D00664FA-A20C-45DC-BA3D-DBC262E81988} = {2F2B0AC3-DE30-4172-9221-FFB9C3198DE2}
	EndGlobalSection
	GlobalSection(ExtensibilityGlobals) = postSolution
		SolutionGuid = {B414F3A4-26BD-404B-8F95-680146698F54}
	EndGlobalSection
EndGlobal
